
Microsoft Visual Studio Solution File, Format Version 12.00
# Visual Studio 14
VisualStudioVersion = 14.0.25420.1
MinimumVisualStudioVersion = 10.0.40219.1
Project("{FAE04EC0-301F-11D3-BF4B-00C04F79EFBC}") = "Tasker.Droid", "Tasker.Droid\Tasker.Droid.csproj", "{478C5EFD-027D-4DBB-95AB-5F150646F9DC}"
EndProject
Project("{FAE04EC0-301F-11D3-BF4B-00C04F79EFBC}") = "Tasker.Core", "Tasker.Core\Tasker.Core.csproj", "{CFA09876-FA23-4189-89F8-DF88BD9739DC}"
EndProject
Project("{FAE04EC0-301F-11D3-BF4B-00C04F79EFBC}") = "Binding_DateTimePicker", "Binding_DateTimePicker\Binding_DateTimePicker.csproj", "{9D9B0979-842F-4333-94D9-3571DE2E111D}"
EndProject
Project("{FAE04EC0-301F-11D3-BF4B-00C04F79EFBC}") = "Binding_SwipeActionAdapter", "Binding_SwipeActionAdapter\Binding_SwipeActionAdapter.csproj", "{ACC82ECE-7F88-4119-B3F7-7AAA2D896F96}"
EndProject
Project("{FAE04EC0-301F-11D3-BF4B-00C04F79EFBC}") = "Binding_SupportAnnotations", "Binding_SwipeActionAdapter\AndroidBindings\Binding_SupportAnnotations\Binding_SupportAnnotations.csproj", "{169F4080-AB81-4FDB-86A9-4588B0278189}"
EndProject
Project("{2150E333-8FDC-42A3-9474-1A3956D46DE8}") = "Bindings", "Bindings", "{E071A6ED-3872-404B-A1B4-7FB272EB8D5C}"
EndProject
Project("{2150E333-8FDC-42A3-9474-1A3956D46DE8}") = "_Tests", "_Tests", "{B2CD7FFA-9B71-4CE5-9939-6F63A44EAA3B}"
EndProject
Project("{FAE04EC0-301F-11D3-BF4B-00C04F79EFBC}") = "Tasker.Core.Tests", "Tasker.Core.Tests\Tasker.Core.Tests.csproj", "{19B15B1F-995F-4C49-A592-D9E8D7D32448}"
EndProject
Project("{FAE04EC0-301F-11D3-BF4B-00C04F79EFBC}") = "Binding_HelloCharts", "Binding_HelloCharts\Binding_HelloCharts.csproj", "{F44F27D8-B190-40F9-9D0A-B373B02017C9}"
EndProject
Global
	GlobalSection(SolutionConfigurationPlatforms) = preSolution
		Debug|Any CPU = Debug|Any CPU
		Debug|ARM = Debug|ARM
		Debug|iPhone = Debug|iPhone
		Debug|iPhoneSimulator = Debug|iPhoneSimulator
		Debug|x64 = Debug|x64
		Debug|x86 = Debug|x86
		Release|Any CPU = Release|Any CPU
		Release|ARM = Release|ARM
		Release|iPhone = Release|iPhone
		Release|iPhoneSimulator = Release|iPhoneSimulator
		Release|x64 = Release|x64
		Release|x86 = Release|x86
	EndGlobalSection
	GlobalSection(ProjectConfigurationPlatforms) = postSolution
		{478C5EFD-027D-4DBB-95AB-5F150646F9DC}.Debug|Any CPU.ActiveCfg = Debug|Any CPU
		{478C5EFD-027D-4DBB-95AB-5F150646F9DC}.Debug|Any CPU.Build.0 = Debug|Any CPU
		{478C5EFD-027D-4DBB-95AB-5F150646F9DC}.Debug|Any CPU.Deploy.0 = Debug|Any CPU
		{478C5EFD-027D-4DBB-95AB-5F150646F9DC}.Debug|ARM.ActiveCfg = Debug|Any CPU
		{478C5EFD-027D-4DBB-95AB-5F150646F9DC}.Debug|ARM.Build.0 = Debug|Any CPU
		{478C5EFD-027D-4DBB-95AB-5F150646F9DC}.Debug|ARM.Deploy.0 = Debug|Any CPU
		{478C5EFD-027D-4DBB-95AB-5F150646F9DC}.Debug|iPhone.ActiveCfg = Debug|Any CPU
		{478C5EFD-027D-4DBB-95AB-5F150646F9DC}.Debug|iPhone.Build.0 = Debug|Any CPU
		{478C5EFD-027D-4DBB-95AB-5F150646F9DC}.Debug|iPhone.Deploy.0 = Debug|Any CPU
		{478C5EFD-027D-4DBB-95AB-5F150646F9DC}.Debug|iPhoneSimulator.ActiveCfg = Debug|Any CPU
		{478C5EFD-027D-4DBB-95AB-5F150646F9DC}.Debug|iPhoneSimulator.Build.0 = Debug|Any CPU
		{478C5EFD-027D-4DBB-95AB-5F150646F9DC}.Debug|iPhoneSimulator.Deploy.0 = Debug|Any CPU
		{478C5EFD-027D-4DBB-95AB-5F150646F9DC}.Debug|x64.ActiveCfg = Debug|Any CPU
		{478C5EFD-027D-4DBB-95AB-5F150646F9DC}.Debug|x64.Build.0 = Debug|Any CPU
		{478C5EFD-027D-4DBB-95AB-5F150646F9DC}.Debug|x64.Deploy.0 = Debug|Any CPU
		{478C5EFD-027D-4DBB-95AB-5F150646F9DC}.Debug|x86.ActiveCfg = Debug|Any CPU
		{478C5EFD-027D-4DBB-95AB-5F150646F9DC}.Debug|x86.Build.0 = Debug|Any CPU
		{478C5EFD-027D-4DBB-95AB-5F150646F9DC}.Debug|x86.Deploy.0 = Debug|Any CPU
		{478C5EFD-027D-4DBB-95AB-5F150646F9DC}.Release|Any CPU.ActiveCfg = Release|Any CPU
		{478C5EFD-027D-4DBB-95AB-5F150646F9DC}.Release|Any CPU.Build.0 = Release|Any CPU
		{478C5EFD-027D-4DBB-95AB-5F150646F9DC}.Release|Any CPU.Deploy.0 = Release|Any CPU
		{478C5EFD-027D-4DBB-95AB-5F150646F9DC}.Release|ARM.ActiveCfg = Release|Any CPU
		{478C5EFD-027D-4DBB-95AB-5F150646F9DC}.Release|ARM.Build.0 = Release|Any CPU
		{478C5EFD-027D-4DBB-95AB-5F150646F9DC}.Release|ARM.Deploy.0 = Release|Any CPU
		{478C5EFD-027D-4DBB-95AB-5F150646F9DC}.Release|iPhone.ActiveCfg = Release|Any CPU
		{478C5EFD-027D-4DBB-95AB-5F150646F9DC}.Release|iPhone.Build.0 = Release|Any CPU
		{478C5EFD-027D-4DBB-95AB-5F150646F9DC}.Release|iPhone.Deploy.0 = Release|Any CPU
		{478C5EFD-027D-4DBB-95AB-5F150646F9DC}.Release|iPhoneSimulator.ActiveCfg = Release|Any CPU
		{478C5EFD-027D-4DBB-95AB-5F150646F9DC}.Release|iPhoneSimulator.Build.0 = Release|Any CPU
		{478C5EFD-027D-4DBB-95AB-5F150646F9DC}.Release|iPhoneSimulator.Deploy.0 = Release|Any CPU
		{478C5EFD-027D-4DBB-95AB-5F150646F9DC}.Release|x64.ActiveCfg = Release|Any CPU
		{478C5EFD-027D-4DBB-95AB-5F150646F9DC}.Release|x64.Build.0 = Release|Any CPU
		{478C5EFD-027D-4DBB-95AB-5F150646F9DC}.Release|x64.Deploy.0 = Release|Any CPU
		{478C5EFD-027D-4DBB-95AB-5F150646F9DC}.Release|x86.ActiveCfg = Release|Any CPU
		{478C5EFD-027D-4DBB-95AB-5F150646F9DC}.Release|x86.Build.0 = Release|Any CPU
		{478C5EFD-027D-4DBB-95AB-5F150646F9DC}.Release|x86.Deploy.0 = Release|Any CPU
		{CFA09876-FA23-4189-89F8-DF88BD9739DC}.Debug|Any CPU.ActiveCfg = Debug|Any CPU
		{CFA09876-FA23-4189-89F8-DF88BD9739DC}.Debug|Any CPU.Build.0 = Debug|Any CPU
		{CFA09876-FA23-4189-89F8-DF88BD9739DC}.Debug|ARM.ActiveCfg = Debug|Any CPU
		{CFA09876-FA23-4189-89F8-DF88BD9739DC}.Debug|ARM.Build.0 = Debug|Any CPU
		{CFA09876-FA23-4189-89F8-DF88BD9739DC}.Debug|iPhone.ActiveCfg = Debug|Any CPU
		{CFA09876-FA23-4189-89F8-DF88BD9739DC}.Debug|iPhone.Build.0 = Debug|Any CPU
		{CFA09876-FA23-4189-89F8-DF88BD9739DC}.Debug|iPhoneSimulator.ActiveCfg = Debug|Any CPU
		{CFA09876-FA23-4189-89F8-DF88BD9739DC}.Debug|iPhoneSimulator.Build.0 = Debug|Any CPU
		{CFA09876-FA23-4189-89F8-DF88BD9739DC}.Debug|x64.ActiveCfg = Debug|Any CPU
		{CFA09876-FA23-4189-89F8-DF88BD9739DC}.Debug|x64.Build.0 = Debug|Any CPU
		{CFA09876-FA23-4189-89F8-DF88BD9739DC}.Debug|x86.ActiveCfg = Debug|Any CPU
		{CFA09876-FA23-4189-89F8-DF88BD9739DC}.Debug|x86.Build.0 = Debug|Any CPU
		{CFA09876-FA23-4189-89F8-DF88BD9739DC}.Release|Any CPU.ActiveCfg = Release|Any CPU
		{CFA09876-FA23-4189-89F8-DF88BD9739DC}.Release|Any CPU.Build.0 = Release|Any CPU
		{CFA09876-FA23-4189-89F8-DF88BD9739DC}.Release|ARM.ActiveCfg = Release|Any CPU
		{CFA09876-FA23-4189-89F8-DF88BD9739DC}.Release|ARM.Build.0 = Release|Any CPU
		{CFA09876-FA23-4189-89F8-DF88BD9739DC}.Release|iPhone.ActiveCfg = Release|Any CPU
		{CFA09876-FA23-4189-89F8-DF88BD9739DC}.Release|iPhone.Build.0 = Release|Any CPU
		{CFA09876-FA23-4189-89F8-DF88BD9739DC}.Release|iPhoneSimulator.ActiveCfg = Release|Any CPU
		{CFA09876-FA23-4189-89F8-DF88BD9739DC}.Release|iPhoneSimulator.Build.0 = Release|Any CPU
		{CFA09876-FA23-4189-89F8-DF88BD9739DC}.Release|x64.ActiveCfg = Release|Any CPU
		{CFA09876-FA23-4189-89F8-DF88BD9739DC}.Release|x64.Build.0 = Release|Any CPU
		{CFA09876-FA23-4189-89F8-DF88BD9739DC}.Release|x86.ActiveCfg = Release|Any CPU
		{CFA09876-FA23-4189-89F8-DF88BD9739DC}.Release|x86.Build.0 = Release|Any CPU
		{9D9B0979-842F-4333-94D9-3571DE2E111D}.Debug|Any CPU.ActiveCfg = Debug|Any CPU
		{9D9B0979-842F-4333-94D9-3571DE2E111D}.Debug|Any CPU.Build.0 = Debug|Any CPU
		{9D9B0979-842F-4333-94D9-3571DE2E111D}.Debug|ARM.ActiveCfg = Debug|Any CPU
		{9D9B0979-842F-4333-94D9-3571DE2E111D}.Debug|ARM.Build.0 = Debug|Any CPU
		{9D9B0979-842F-4333-94D9-3571DE2E111D}.Debug|iPhone.ActiveCfg = Debug|Any CPU
		{9D9B0979-842F-4333-94D9-3571DE2E111D}.Debug|iPhone.Build.0 = Debug|Any CPU
		{9D9B0979-842F-4333-94D9-3571DE2E111D}.Debug|iPhoneSimulator.ActiveCfg = Debug|Any CPU
		{9D9B0979-842F-4333-94D9-3571DE2E111D}.Debug|iPhoneSimulator.Build.0 = Debug|Any CPU
		{9D9B0979-842F-4333-94D9-3571DE2E111D}.Debug|x64.ActiveCfg = Debug|Any CPU
		{9D9B0979-842F-4333-94D9-3571DE2E111D}.Debug|x64.Build.0 = Debug|Any CPU
		{9D9B0979-842F-4333-94D9-3571DE2E111D}.Debug|x86.ActiveCfg = Debug|Any CPU
		{9D9B0979-842F-4333-94D9-3571DE2E111D}.Debug|x86.Build.0 = Debug|Any CPU
		{9D9B0979-842F-4333-94D9-3571DE2E111D}.Release|Any CPU.ActiveCfg = Release|Any CPU
		{9D9B0979-842F-4333-94D9-3571DE2E111D}.Release|Any CPU.Build.0 = Release|Any CPU
		{9D9B0979-842F-4333-94D9-3571DE2E111D}.Release|ARM.ActiveCfg = Release|Any CPU
		{9D9B0979-842F-4333-94D9-3571DE2E111D}.Release|ARM.Build.0 = Release|Any CPU
		{9D9B0979-842F-4333-94D9-3571DE2E111D}.Release|iPhone.ActiveCfg = Release|Any CPU
		{9D9B0979-842F-4333-94D9-3571DE2E111D}.Release|iPhone.Build.0 = Release|Any CPU
		{9D9B0979-842F-4333-94D9-3571DE2E111D}.Release|iPhoneSimulator.ActiveCfg = Release|Any CPU
		{9D9B0979-842F-4333-94D9-3571DE2E111D}.Release|iPhoneSimulator.Build.0 = Release|Any CPU
		{9D9B0979-842F-4333-94D9-3571DE2E111D}.Release|x64.ActiveCfg = Release|Any CPU
		{9D9B0979-842F-4333-94D9-3571DE2E111D}.Release|x64.Build.0 = Release|Any CPU
		{9D9B0979-842F-4333-94D9-3571DE2E111D}.Release|x86.ActiveCfg = Release|Any CPU
		{9D9B0979-842F-4333-94D9-3571DE2E111D}.Release|x86.Build.0 = Release|Any CPU
		{ACC82ECE-7F88-4119-B3F7-7AAA2D896F96}.Debug|Any CPU.ActiveCfg = Debug|Any CPU
		{ACC82ECE-7F88-4119-B3F7-7AAA2D896F96}.Debug|Any CPU.Build.0 = Debug|Any CPU
		{ACC82ECE-7F88-4119-B3F7-7AAA2D896F96}.Debug|ARM.ActiveCfg = Debug|Any CPU
		{ACC82ECE-7F88-4119-B3F7-7AAA2D896F96}.Debug|ARM.Build.0 = Debug|Any CPU
		{ACC82ECE-7F88-4119-B3F7-7AAA2D896F96}.Debug|iPhone.ActiveCfg = Debug|Any CPU
		{ACC82ECE-7F88-4119-B3F7-7AAA2D896F96}.Debug|iPhone.Build.0 = Debug|Any CPU
		{ACC82ECE-7F88-4119-B3F7-7AAA2D896F96}.Debug|iPhoneSimulator.ActiveCfg = Debug|Any CPU
		{ACC82ECE-7F88-4119-B3F7-7AAA2D896F96}.Debug|iPhoneSimulator.Build.0 = Debug|Any CPU
		{ACC82ECE-7F88-4119-B3F7-7AAA2D896F96}.Debug|x64.ActiveCfg = Debug|Any CPU
		{ACC82ECE-7F88-4119-B3F7-7AAA2D896F96}.Debug|x64.Build.0 = Debug|Any CPU
		{ACC82ECE-7F88-4119-B3F7-7AAA2D896F96}.Debug|x86.ActiveCfg = Debug|Any CPU
		{ACC82ECE-7F88-4119-B3F7-7AAA2D896F96}.Debug|x86.Build.0 = Debug|Any CPU
		{ACC82ECE-7F88-4119-B3F7-7AAA2D896F96}.Release|Any CPU.ActiveCfg = Release|Any CPU
		{ACC82ECE-7F88-4119-B3F7-7AAA2D896F96}.Release|Any CPU.Build.0 = Release|Any CPU
		{ACC82ECE-7F88-4119-B3F7-7AAA2D896F96}.Release|ARM.ActiveCfg = Release|Any CPU
		{ACC82ECE-7F88-4119-B3F7-7AAA2D896F96}.Release|ARM.Build.0 = Release|Any CPU
		{ACC82ECE-7F88-4119-B3F7-7AAA2D896F96}.Release|iPhone.ActiveCfg = Release|Any CPU
		{ACC82ECE-7F88-4119-B3F7-7AAA2D896F96}.Release|iPhone.Build.0 = Release|Any CPU
		{ACC82ECE-7F88-4119-B3F7-7AAA2D896F96}.Release|iPhoneSimulator.ActiveCfg = Release|Any CPU
		{ACC82ECE-7F88-4119-B3F7-7AAA2D896F96}.Release|iPhoneSimulator.Build.0 = Release|Any CPU
		{ACC82ECE-7F88-4119-B3F7-7AAA2D896F96}.Release|x64.ActiveCfg = Release|Any CPU
		{ACC82ECE-7F88-4119-B3F7-7AAA2D896F96}.Release|x64.Build.0 = Release|Any CPU
		{ACC82ECE-7F88-4119-B3F7-7AAA2D896F96}.Release|x86.ActiveCfg = Release|Any CPU
		{ACC82ECE-7F88-4119-B3F7-7AAA2D896F96}.Release|x86.Build.0 = Release|Any CPU
		{169F4080-AB81-4FDB-86A9-4588B0278189}.Debug|Any CPU.ActiveCfg = Debug|Any CPU
		{169F4080-AB81-4FDB-86A9-4588B0278189}.Debug|Any CPU.Build.0 = Debug|Any CPU
		{169F4080-AB81-4FDB-86A9-4588B0278189}.Debug|ARM.ActiveCfg = Debug|Any CPU
		{169F4080-AB81-4FDB-86A9-4588B0278189}.Debug|ARM.Build.0 = Debug|Any CPU
		{169F4080-AB81-4FDB-86A9-4588B0278189}.Debug|iPhone.ActiveCfg = Debug|Any CPU
		{169F4080-AB81-4FDB-86A9-4588B0278189}.Debug|iPhone.Build.0 = Debug|Any CPU
		{169F4080-AB81-4FDB-86A9-4588B0278189}.Debug|iPhoneSimulator.ActiveCfg = Debug|Any CPU
		{169F4080-AB81-4FDB-86A9-4588B0278189}.Debug|iPhoneSimulator.Build.0 = Debug|Any CPU
		{169F4080-AB81-4FDB-86A9-4588B0278189}.Debug|x64.ActiveCfg = Debug|Any CPU
		{169F4080-AB81-4FDB-86A9-4588B0278189}.Debug|x64.Build.0 = Debug|Any CPU
		{169F4080-AB81-4FDB-86A9-4588B0278189}.Debug|x86.ActiveCfg = Debug|Any CPU
		{169F4080-AB81-4FDB-86A9-4588B0278189}.Debug|x86.Build.0 = Debug|Any CPU
		{169F4080-AB81-4FDB-86A9-4588B0278189}.Release|Any CPU.ActiveCfg = Release|Any CPU
		{169F4080-AB81-4FDB-86A9-4588B0278189}.Release|Any CPU.Build.0 = Release|Any CPU
		{169F4080-AB81-4FDB-86A9-4588B0278189}.Release|ARM.ActiveCfg = Release|Any CPU
		{169F4080-AB81-4FDB-86A9-4588B0278189}.Release|ARM.Build.0 = Release|Any CPU
		{169F4080-AB81-4FDB-86A9-4588B0278189}.Release|iPhone.ActiveCfg = Release|Any CPU
		{169F4080-AB81-4FDB-86A9-4588B0278189}.Release|iPhone.Build.0 = Release|Any CPU
		{169F4080-AB81-4FDB-86A9-4588B0278189}.Release|iPhoneSimulator.ActiveCfg = Release|Any CPU
		{169F4080-AB81-4FDB-86A9-4588B0278189}.Release|iPhoneSimulator.Build.0 = Release|Any CPU
		{169F4080-AB81-4FDB-86A9-4588B0278189}.Release|x64.ActiveCfg = Release|Any CPU
		{169F4080-AB81-4FDB-86A9-4588B0278189}.Release|x64.Build.0 = Release|Any CPU
		{169F4080-AB81-4FDB-86A9-4588B0278189}.Release|x86.ActiveCfg = Release|Any CPU
		{169F4080-AB81-4FDB-86A9-4588B0278189}.Release|x86.Build.0 = Release|Any CPU
		{19B15B1F-995F-4C49-A592-D9E8D7D32448}.Debug|Any CPU.ActiveCfg = Debug|Any CPU
		{19B15B1F-995F-4C49-A592-D9E8D7D32448}.Debug|Any CPU.Build.0 = Debug|Any CPU
		{19B15B1F-995F-4C49-A592-D9E8D7D32448}.Debug|ARM.ActiveCfg = Debug|Any CPU
		{19B15B1F-995F-4C49-A592-D9E8D7D32448}.Debug|ARM.Build.0 = Debug|Any CPU
		{19B15B1F-995F-4C49-A592-D9E8D7D32448}.Debug|iPhone.ActiveCfg = Debug|Any CPU
		{19B15B1F-995F-4C49-A592-D9E8D7D32448}.Debug|iPhone.Build.0 = Debug|Any CPU
		{19B15B1F-995F-4C49-A592-D9E8D7D32448}.Debug|iPhoneSimulator.ActiveCfg = Debug|Any CPU
		{19B15B1F-995F-4C49-A592-D9E8D7D32448}.Debug|iPhoneSimulator.Build.0 = Debug|Any CPU
		{19B15B1F-995F-4C49-A592-D9E8D7D32448}.Debug|x64.ActiveCfg = Debug|Any CPU
		{19B15B1F-995F-4C49-A592-D9E8D7D32448}.Debug|x64.Build.0 = Debug|Any CPU
		{19B15B1F-995F-4C49-A592-D9E8D7D32448}.Debug|x86.ActiveCfg = Debug|Any CPU
		{19B15B1F-995F-4C49-A592-D9E8D7D32448}.Debug|x86.Build.0 = Debug|Any CPU
		{19B15B1F-995F-4C49-A592-D9E8D7D32448}.Release|Any CPU.ActiveCfg = Release|Any CPU
		{19B15B1F-995F-4C49-A592-D9E8D7D32448}.Release|Any CPU.Build.0 = Release|Any CPU
		{19B15B1F-995F-4C49-A592-D9E8D7D32448}.Release|ARM.ActiveCfg = Release|Any CPU
		{19B15B1F-995F-4C49-A592-D9E8D7D32448}.Release|ARM.Build.0 = Release|Any CPU
		{19B15B1F-995F-4C49-A592-D9E8D7D32448}.Release|iPhone.ActiveCfg = Release|Any CPU
		{19B15B1F-995F-4C49-A592-D9E8D7D32448}.Release|iPhone.Build.0 = Release|Any CPU
		{19B15B1F-995F-4C49-A592-D9E8D7D32448}.Release|iPhoneSimulator.ActiveCfg = Release|Any CPU
		{19B15B1F-995F-4C49-A592-D9E8D7D32448}.Release|iPhoneSimulator.Build.0 = Release|Any CPU
		{19B15B1F-995F-4C49-A592-D9E8D7D32448}.Release|x64.ActiveCfg = Release|Any CPU
		{19B15B1F-995F-4C49-A592-D9E8D7D32448}.Release|x64.Build.0 = Release|Any CPU
		{19B15B1F-995F-4C49-A592-D9E8D7D32448}.Release|x86.ActiveCfg = Release|Any CPU
		{19B15B1F-995F-4C49-A592-D9E8D7D32448}.Release|x86.Build.0 = Release|Any CPU
		{F44F27D8-B190-40F9-9D0A-B373B02017C9}.Debug|Any CPU.ActiveCfg = Debug|Any CPU
		{F44F27D8-B190-40F9-9D0A-B373B02017C9}.Debug|Any CPU.Build.0 = Debug|Any CPU
		{F44F27D8-B190-40F9-9D0A-B373B02017C9}.Debug|ARM.ActiveCfg = Debug|Any CPU
		{F44F27D8-B190-40F9-9D0A-B373B02017C9}.Debug|ARM.Build.0 = Debug|Any CPU
		{F44F27D8-B190-40F9-9D0A-B373B02017C9}.Debug|iPhone.ActiveCfg = Debug|Any CPU
		{F44F27D8-B190-40F9-9D0A-B373B02017C9}.Debug|iPhone.Build.0 = Debug|Any CPU
		{F44F27D8-B190-40F9-9D0A-B373B02017C9}.Debug|iPhoneSimulator.ActiveCfg = Debug|Any CPU
		{F44F27D8-B190-40F9-9D0A-B373B02017C9}.Debug|iPhoneSimulator.Build.0 = Debug|Any CPU
		{F44F27D8-B190-40F9-9D0A-B373B02017C9}.Debug|x64.ActiveCfg = Debug|Any CPU
		{F44F27D8-B190-40F9-9D0A-B373B02017C9}.Debug|x64.Build.0 = Debug|Any CPU
		{F44F27D8-B190-40F9-9D0A-B373B02017C9}.Debug|x86.ActiveCfg = Debug|Any CPU
		{F44F27D8-B190-40F9-9D0A-B373B02017C9}.Debug|x86.Build.0 = Debug|Any CPU
		{F44F27D8-B190-40F9-9D0A-B373B02017C9}.Release|Any CPU.ActiveCfg = Release|Any CPU
		{F44F27D8-B190-40F9-9D0A-B373B02017C9}.Release|Any CPU.Build.0 = Release|Any CPU
		{F44F27D8-B190-40F9-9D0A-B373B02017C9}.Release|ARM.ActiveCfg = Release|Any CPU
		{F44F27D8-B190-40F9-9D0A-B373B02017C9}.Release|ARM.Build.0 = Release|Any CPU
		{F44F27D8-B190-40F9-9D0A-B373B02017C9}.Release|iPhone.ActiveCfg = Release|Any CPU
		{F44F27D8-B190-40F9-9D0A-B373B02017C9}.Release|iPhone.Build.0 = Release|Any CPU
		{F44F27D8-B190-40F9-9D0A-B373B02017C9}.Release|iPhoneSimulator.ActiveCfg = Release|Any CPU
		{F44F27D8-B190-40F9-9D0A-B373B02017C9}.Release|iPhoneSimulator.Build.0 = Release|Any CPU
		{F44F27D8-B190-40F9-9D0A-B373B02017C9}.Release|x64.ActiveCfg = Release|Any CPU
		{F44F27D8-B190-40F9-9D0A-B373B02017C9}.Release|x64.Build.0 = Release|Any CPU
		{F44F27D8-B190-40F9-9D0A-B373B02017C9}.Release|x86.ActiveCfg = Release|Any CPU
		{F44F27D8-B190-40F9-9D0A-B373B02017C9}.Release|x86.Build.0 = Release|Any CPU
	EndGlobalSection
	GlobalSection(SolutionProperties) = preSolution
		HideSolutionNode = FALSE
	EndGlobalSection
	GlobalSection(NestedProjects) = preSolution
		{9D9B0979-842F-4333-94D9-3571DE2E111D} = {E071A6ED-3872-404B-A1B4-7FB272EB8D5C}
		{ACC82ECE-7F88-4119-B3F7-7AAA2D896F96} = {E071A6ED-3872-404B-A1B4-7FB272EB8D5C}
		{169F4080-AB81-4FDB-86A9-4588B0278189} = {E071A6ED-3872-404B-A1B4-7FB272EB8D5C}
		{19B15B1F-995F-4C49-A592-D9E8D7D32448} = {B2CD7FFA-9B71-4CE5-9939-6F63A44EAA3B}
		{F44F27D8-B190-40F9-9D0A-B373B02017C9} = {E071A6ED-3872-404B-A1B4-7FB272EB8D5C}
	EndGlobalSection
EndGlobal
